{
  "nodes": {
    "flake-parts": {
      "inputs": {
        "nixpkgs-lib": [
          "root",
          "nixpkgs"
        ]
      },
      "locked": {
        "lastModified": 1782949081,
        "narHash": "sha256-vp6Y/Grm98ESt6ceOkWiHWyZRDV3J1RID4w+6NWK9yA=",
        "owner": "hercules-ci",
        "repo": "flake-parts",
        "rev": "17c9d6cdfc60c64f4ee8d306f9bc0b4ccb51481e",
        "type": "github"
      },
      "original": {
        "owner": "hercules-ci",
        "repo": "flake-parts",
        "type": "github"
      }
    },
    "haumea": {
      "inputs": {
        "nixpkgs": [
          "layat",
          "nixpkgs"
        ]
      },
      "locked": {
        "lastModified": 1787503743,
        "narHash": "sha256-+j7OOYezVrLpPQTUoSv6vlz551Zh+GbCg0tkjaJpDg4=",
        "owner": "nix-community",
        "repo": "haumea",
        "rev": "252218e686de786f45311c323e105bd4340c2179",
        "type": "github"
      },
      "original": {
        "owner": "nix-community",
        "repo": "haumea",
        "type": "github"
      }
    },
    "home-manager": {
      "inputs": {
        "nixpkgs": [
          "layat",
          "nixpkgs"
        ]
      },
      "locked": {
        "lastModified": 1789695075,
        "narHash": "sha256-HREFWgmCTp28ZdMkSFOW2QW8uI17v5CNc04W46h6aPo=",
        "owner": "nix-community",
        "repo": "home-manager",
        "rev": "4ac5a2ae9025eab1ebece4f9df8c315fd84a738a",
        "type": "github"
      },
      "original": {
        "owner": "nix-community",
        "repo": "home-manager",
        "type": "github"
      }
    },
    "layat": {
      "inputs": {
        "flake-parts": [
          "flake-parts"
        ],
        "haumea": "haumea",
        "home-manager": "home-manager",
        "namaka": "namaka",
        "nix-unit": "nix-unit",
        "nixpkgs": [
          "nixpkgs"
        ],
        "treefmt-nix": "treefmt-nix_2"
      },
      "locked": {
        "lastModified": 1790072520,
        "narHash": "sha256-l43pNZt0gZZCH0Vp0nVWud1qVgpgb2bhHEyiw4mTz/U=",
        "owner": "yasunori0418",
        "repo": "layat",
        "rev": "c983dd492504142763bc40875d5a27ae1f5da1a9",
        "type": "github"
      },
      "original": {
        "owner": "yasunori0418",
        "repo": "layat",
        "type": "github"
      }
    },
    "matt-skills": {
      "flake": false,
      "locked": {
        "lastModified": 1783260198,
        "narHash": "sha256-WH7rt9rDjlzW19Ejndci1aqvVzHyXSBFLh9h+UqtT4E=",
        "owner": "mattpocock",
        "repo": "skills",
        "rev": "4691566bbb2744bf56505531f8050102f02a7a12",
        "type": "github"
      },
      "original": {
        "owner": "mattpocock",
        "repo": "skills",
        "type": "github"
      }
    },
    "namaka": {
      "inputs": {
        "haumea": [
          "layat",
          "haumea"
        ],
        "nixpkgs": [
          "layat",
          "nixpkgs"
        ]
      },
      "locked": {
        "lastModified": 1787503577,
        "narHash": "sha256-lABFWFVCifevUaIEV1bBbenI44aVMhEmbgqDPFb8jZo=",
        "owner": "nix-community",
        "repo": "namaka",
        "rev": "2cc5cb09210d46e44d0689cffd16b1947f2724ab",
        "type": "github"
      },
      "original": {
        "owner": "nix-community",
        "repo": "namaka",
        "type": "github"
      }
    },
    "nix-github-actions": {
      "inputs": {
        "nixpkgs": [
          "layat",
          "nix-unit",
          "nixpkgs"
        ]
      },
      "locked": {
        "lastModified": 1737420293,
        "narHash": "sha256-F1G5ifvqTpJq7fdkT34e/Jy9VCyzd5XfJ9TO8fHhJWE=",
        "owner": "nix-community",
        "repo": "nix-github-actions",
        "rev": "f4158fa080ef4503c8f4c820967d946c2af31ec9",
        "type": "github"
      },
      "original": {
        "owner": "nix-community",
        "repo": "nix-github-actions",
        "type": "github"
      }
    },
    "nix-github-actions_2": {
      "inputs": {
        "nixpkgs": [
          "root",
          "nix-unit",
          "nixpkgs"
        ]
      },
      "locked": {
        "lastModified": 1737420293,
        "narHash": "sha256-F1G5ifvqTpJq7fdkT34e/Jy9VCyzd5XfJ9TO8fHhJWE=",
        "owner": "nix-community",
        "repo": "nix-github-actions",
        "rev": "f4158fa080ef4503c8f4c820967d946c2af31ec9",
        "type": "github"
      },
      "original": {
        "owner": "nix-community",
        "repo": "nix-github-actions",
        "type": "github"
      }
    },
    "nix-unit": {
      "inputs": {
        "nix-github-actions": "nix-github-actions",
        "nixpkgs": [
          "layat",
          "nixpkgs"
        ],
        "treefmt-nix": "treefmt-nix"
      },
      "locked": {
        "lastModified": 1784925540,
        "narHash": "sha256-11IOL5tyJbB3vMQzzhIULuPtoHJpkLFz4BaKApm6t0Q=",
        "owner": "nix-community",
        "repo": "nix-unit",
        "rev": "b3d16367c54621fd073aa8c1dd510042f771f624",
        "type": "github"
      },
      "original": {
        "owner": "nix-community",
        "repo": "nix-unit",
        "type": "github"
      }
    },
    "nix-unit_2": {
      "inputs": {
        "nix-github-actions": "nix-github-actions_2",
        "nixpkgs": [
          "root",
          "nixpkgs"
        ],
        "treefmt-nix": "treefmt-nix_3"
      },
      "locked": {
        "lastModified": 1783657646,
        "narHash": "sha256-q2vSdTzjD1T7TcT/9X3886FqWssnXRDiWdmuZy3qN94=",
        "owner": "nix-community",
        "repo": "nix-unit",
        "rev": "dd2e1b8cfdb941c7690a23d766a7d26c706e5506",
        "type": "github"
      },
      "original": {
        "owner": "nix-community",
        "repo": "nix-unit",
        "type": "github"
      }
    },
    "nixpkgs": {
      "locked": {
        "lastModified": 1782959384,
        "narHash": "sha256-xnJJk+ct+D2+wdRxj1wk36w5zV9RVESwRqcklPdt3fM=",
        "owner": "NixOS",
        "repo": "nixpkgs",
        "rev": "65179426c83bb3f6bc14898b42ea1c6f01d374b0",
        "type": "github"
      },
      "original": {
        "owner": "NixOS",
        "ref": "nixos-unstable",
        "repo": "nixpkgs",
        "type": "github"
      }
    },
    "root": {
      "inputs": {
        "flake-parts": [
          "root",
          "flake-parts"
        ],
        "layat": "layat",
        "matt-skills": "matt-skills",
        "nixpkgs": [
          "root",
          "nixpkgs"
        ],
        "root": "root_2"
      }
    },
    "root_2": {
      "inputs": {
        "flake-parts": "flake-parts",
        "nix-unit": "nix-unit_2",
        "nixpkgs": "nixpkgs"
      },
      "locked": {
        "path": "../",
        "type": "path"
      },
      "original": {
        "path": "../",
        "type": "path"
      },
      "parent": []
    },
    "treefmt-nix": {
      "inputs": {
        "nixpkgs": [
          "layat",
          "nix-unit",
          "nixpkgs"
        ]
      },
      "locked": {
        "lastModified": 1784369104,
        "narHash": "sha256-47cxbcZODibHv3rELFQ9vZly0vUNkND/atn/U7HLeb0=",
        "owner": "numtide",
        "repo": "treefmt-nix",
        "rev": "df3c0640565d04a0261253cdd89fce78ec50168a",
        "type": "github"
      },
      "original": {
        "owner": "numtide",
        "repo": "treefmt-nix",
        "type": "github"
      }
    },
    "treefmt-nix_2": {
      "inputs": {
        "nixpkgs": [
          "layat",
          "nixpkgs"
        ]
      },
      "locked": {
        "lastModified": 1786901030,
        "narHash": "sha256-WSFCsDSE5ffgD2MqzkM2CYjeFiKhRF/dJUN8uedb6YE=",
        "owner": "numtide",
        "repo": "treefmt-nix",
        "rev": "27b3b12a8e6375f28ebe122f07d230ca5459bbfa",
        "type": "github"
      },
      "original": {
        "owner": "numtide",
        "repo": "treefmt-nix",
        "type": "github"
      }
    },
    "treefmt-nix_3": {
      "inputs": {
        "nixpkgs": [
          "root",
          "nix-unit",
          "nixpkgs"
        ]
      },
      "locked": {
        "lastModified": 1780220602,
        "narHash": "sha256-eynAfOmbmxJnkp7YewvCEbShNnnYJ9gLLqkzsYtBPeM=",
        "owner": "numtide",
        "repo": "treefmt-nix",
        "rev": "db947814a175b7ca6ded66e21383d938df01c227",
        "type": "github"
      },
      "original": {
        "owner": "numtide",
        "repo": "treefmt-nix",
        "type": "github"
      }
    }
  },
  "root": "root",
  "version": 7
}
